
Microsoft Visual Studio Solution File, Format Version 12.00
# Visual Studio Version 17
VisualStudioVersion = 17.3.32728.150
MinimumVisualStudioVersion = 10.0.40219.1
Project("{9A19103F-16F7-4668-BE54-9A1E7A4F7556}") = "Toolbelt.Blazor.PWA.Updater", "Updater\Toolbelt.Blazor.PWA.Updater.csproj", "{7FA781C0-2E78-48DE-82CA-C73DAE9D3241}"
EndProject
Project("{9A19103F-16F7-4668-BE54-9A1E7A4F7556}") = "Toolbelt.Blazor.PWA.Updater.Service", "Updater.Service\Toolbelt.Blazor.PWA.Updater.Service.csproj", "{D30DF06B-46FF-46F6-9C8B-656F8A35BE33}"
EndProject
Project("{2150E333-8FDC-42A3-9474-1A3956D46DE8}") = "README", "README", "{787C8489-F23B-4B1B-ABD0-B0F546EE4FBE}"
	ProjectSection(SolutionItems) = preProject
		LICENSE = LICENSE
		README.md = README.md
	EndProjectSection
EndProject
Project("{2150E333-8FDC-42A3-9474-1A3956D46DE8}") = "Sample Sites", "Sample Sites", "{F357187D-7FF3-4232-8AE7-26AD4B0A2B3A}"
EndProject
Project("{9A19103F-16F7-4668-BE54-9A1E7A4F7556}") = "BlazorPWA1", "SampleSites\BlazorPWA1\BlazorPWA1.csproj", "{DEF868EB-3940-4274-BDA1-6A6F856F691D}"
EndProject
Project("{2150E333-8FDC-42A3-9474-1A3956D46DE8}") = "Tests", "Tests", "{4AFE62BA-B21B-427A-BBE9-71098E3D787F}"
EndProject
Project("{9A19103F-16F7-4668-BE54-9A1E7A4F7556}") = "Toolbelt.Blazor.PWA.Updater.Test", "Tests\Updater\Toolbelt.Blazor.PWA.Updater.Test.csproj", "{D6714746-D2C3-4F7A-84F0-494754FB92B8}"
EndProject
Global
	GlobalSection(SolutionConfigurationPlatforms) = preSolution
		Debug|Any CPU = Debug|Any CPU
		Release|Any CPU = Release|Any CPU
	EndGlobalSection
	GlobalSection(ProjectConfigurationPlatforms) = postSolution
		{7FA781C0-2E78-48DE-82CA-C73DAE9D3241}.Debug|Any CPU.ActiveCfg = Debug|Any CPU
		{7FA781C0-2E78-48DE-82CA-C73DAE9D3241}.Debug|Any CPU.Build.0 = Debug|Any CPU
		{7FA781C0-2E78-48DE-82CA-C73DAE9D3241}.Release|Any CPU.ActiveCfg = Release|Any CPU
		{7FA781C0-2E78-48DE-82CA-C73DAE9D3241}.Release|Any CPU.Build.0 = Release|Any CPU
		{D30DF06B-46FF-46F6-9C8B-656F8A35BE33}.Debug|Any CPU.ActiveCfg = Debug|Any CPU
		{D30DF06B-46FF-46F6-9C8B-656F8A35BE33}.Debug|Any CPU.Build.0 = Debug|Any CPU
		{D30DF06B-46FF-46F6-9C8B-656F8A35BE33}.Release|Any CPU.ActiveCfg = Release|Any CPU
		{D30DF06B-46FF-46F6-9C8B-656F8A35BE33}.Release|Any CPU.Build.0 = Release|Any CPU
		{DEF868EB-3940-4274-BDA1-6A6F856F691D}.Debug|Any CPU.ActiveCfg = Debug|Any CPU
		{DEF868EB-3940-4274-BDA1-6A6F856F691D}.Debug|Any CPU.Build.0 = Debug|Any CPU
		{DEF868EB-3940-4274-BDA1-6A6F856F691D}.Release|Any CPU.ActiveCfg = Release|Any CPU
		{DEF868EB-3940-4274-BDA1-6A6F856F691D}.Release|Any CPU.Build.0 = Release|Any CPU
		{D6714746-D2C3-4F7A-84F0-494754FB92B8}.Debug|Any CPU.ActiveCfg = Debug|Any CPU
		{D6714746-D2C3-4F7A-84F0-494754FB92B8}.Debug|Any CPU.Build.0 = Debug|Any CPU
		{D6714746-D2C3-4F7A-84F0-494754FB92B8}.Release|Any CPU.ActiveCfg = Release|Any CPU
		{D6714746-D2C3-4F7A-84F0-494754FB92B8}.Release|Any CPU.Build.0 = Release|Any CPU
	EndGlobalSection
	GlobalSection(SolutionProperties) = preSolution
		HideSolutionNode = FALSE
	EndGlobalSection
	GlobalSection(NestedProjects) = preSolution
		{DEF868EB-3940-4274-BDA1-6A6F856F691D} = {F357187D-7FF3-4232-8AE7-26AD4B0A2B3A}
		{D6714746-D2C3-4F7A-84F0-494754FB92B8} = {4AFE62BA-B21B-427A-BBE9-71098E3D787F}
	EndGlobalSection
	GlobalSection(ExtensibilityGlobals) = postSolution
		SolutionGuid = {D72AB7CF-D69B-4740-A14E-1E202B0C5536}
	EndGlobalSection
EndGlobal
